// !$*UTF8*$!
{
	archiveVersion = 1;
	classes = {
	};
	objectVersion = 55;
	objects = {

/* Begin PBXBuildFile section */
		E81923BF28ACE09300CB3FFE /* AppDelegate.swift in Sources */ = {isa = PBXBuildFile; fileRef = E81923BE28ACE09300CB3FFE /* AppDelegate.swift */; };
		E81923C128ACE09300CB3FFE /* SceneDelegate.swift in Sources */ = {isa = PBXBuildFile; fileRef = E81923C028ACE09300CB3FFE /* SceneDelegate.swift */; };
		E81923C328ACE09300CB3FFE /* MainViewController.swift in Sources */ = {isa = PBXBuildFile; fileRef = E81923C228ACE09300CB3FFE /* MainViewController.swift */; };
		E81923C628ACE09300CB3FFE /* Main.storyboard in Resources */ = {isa = PBXBuildFile; fileRef = E81923C428ACE09300CB3FFE /* Main.storyboard */; };
		E81923C828ACE09500CB3FFE /* Assets.xcassets in Resources */ = {isa = PBXBuildFile; fileRef = E81923C728ACE09500CB3FFE /* Assets.xcassets */; };
		E81923CB28ACE09500CB3FFE /* LaunchScreen.storyboard in Resources */ = {isa = PBXBuildFile; fileRef = E81923C928ACE09500CB3FFE /* LaunchScreen.storyboard */; };
		E81923D828ACE40600CB3FFE /* Logger+.swift in Sources */ = {isa = PBXBuildFile; fileRef = E81923D728ACE40600CB3FFE /* Logger+.swift */; };
/* End PBXBuildFile section */

/* Begin PBXFileReference section */
		E81923BB28ACE09300CB3FFE /* BackgroundPushes.app */ = {isa = PBXFileReference; explicitFileType = wrapper.application; includeInIndex = 0; path = BackgroundPushes.app; sourceTree = BUILT_PRODUCTS_DIR; };
		E81923BE28ACE09300CB3FFE /* AppDelegate.swift */ = {isa = PBXFileReference; lastKnownFileType = sourcecode.swift; path = AppDelegate.swift; sourceTree = "<group>"; };
		E81923C028ACE09300CB3FFE /* SceneDelegate.swift */ = {isa = PBXFileReference; lastKnownFileType = sourcecode.swift; path = SceneDelegate.swift; sourceTree = "<group>"; };
		E81923C228ACE09300CB3FFE /* MainViewController.swift */ = {isa = PBXFileReference; lastKnownFileType = sourcecode.swift; path = MainViewController.swift; sourceTree = "<group>"; };
		E81923C528ACE09300CB3FFE /* Base */ = {isa = PBXFileReference; lastKnownFileType = file.storyboard; name = Base; path = Base.lproj/Main.storyboard; sourceTree = "<group>"; };
		E81923C728ACE09500CB3FFE /* Assets.xcassets */ = {isa = PBXFileReference; lastKnownFileType = folder.assetcatalog; path = Assets.xcassets; sourceTree = "<group>"; };
		E81923CA28ACE09500CB3FFE /* Base */ = {isa = PBXFileReference; lastKnownFileType = file.storyboard; name = Base; path = Base.lproj/LaunchScreen.storyboard; sourceTree = "<group>"; };
		E81923CC28ACE09500CB3FFE /* Info.plist */ = {isa = PBXFileReference; lastKnownFileType = text.plist.xml; name = Info.plist; path = BackgroundPushes/Resources/Info.plist; sourceTree = SOURCE_ROOT; };
		E81923D728ACE40600CB3FFE /* Logger+.swift */ = {isa = PBXFileReference; lastKnownFileType = sourcecode.swift; path = "Logger+.swift"; sourceTree = "<group>"; };
/* End PBXFileReference section */

/* Begin PBXFrameworksBuildPhase section */
		E81923B828ACE09300CB3FFE /* Frameworks */ = {
			isa = PBXFrameworksBuildPhase;
			buildActionMask = 2147483647;
			files = (
			);
			runOnlyForDeploymentPostprocessing = 0;
		};
/* End PBXFrameworksBuildPhase section */

/* Begin PBXGroup section */
		E81923B228ACE09300CB3FFE = {
			isa = PBXGroup;
			children = (
				E81923BD28ACE09300CB3FFE /* BackgroundPushes */,
				E81923BC28ACE09300CB3FFE /* Products */,
			);
			sourceTree = "<group>";
		};
		E81923BC28ACE09300CB3FFE /* Products */ = {
			isa = PBXGroup;
			children = (
				E81923BB28ACE09300CB3FFE /* BackgroundPushes.app */,
			);
			name = Products;
			sourceTree = "<group>";
		};
		E81923BD28ACE09300CB3FFE /* BackgroundPushes */ = {
			isa = PBXGroup;
			children = (
				E81923D228ACE0D200CB3FFE /* Application */,
				E81923D428ACE0D800CB3FFE /* Resources */,
				E81923D328ACE0D500CB3FFE /* Scenes */,
				E81923D628ACE3F900CB3FFE /* Utils */,
			);
			path = BackgroundPushes;
			sourceTree = "<group>";
		};
		E81923D228ACE0D200CB3FFE /* Application */ = {
			isa = PBXGroup;
			children = (
				E81923BE28ACE09300CB3FFE /* AppDelegate.swift */,
				E81923C028ACE09300CB3FFE /* SceneDelegate.swift */,
			);
			path = Application;
			sourceTree = "<group>";
		};
		E81923D328ACE0D500CB3FFE /* Scenes */ = {
			isa = PBXGroup;
			children = (
				E81923C228ACE09300CB3FFE /* MainViewController.swift */,
				E81923C428ACE09300CB3FFE /* Main.storyboard */,
			);
			path = Scenes;
			sourceTree = "<group>";
		};
		E81923D428ACE0D800CB3FFE /* Resources */ = {
			isa = PBXGroup;
			children = (
				E81923C728ACE09500CB3FFE /* Assets.xcassets */,
				E81923C928ACE09500CB3FFE /* LaunchScreen.storyboard */,
				E81923CC28ACE09500CB3FFE /* Info.plist */,
			);
			path = Resources;
			sourceTree = "<group>";
		};
		E81923D628ACE3F900CB3FFE /* Utils */ = {
			isa = PBXGroup;
			children = (
				E81923D728ACE40600CB3FFE /* Logger+.swift */,
			);
			path = Utils;
			sourceTree = "<group>";
		};
/* End PBXGroup section */

/* Begin PBXNativeTarget section */
		E81923BA28ACE09300CB3FFE /* BackgroundPushes */ = {
			isa = PBXNativeTarget;
			buildConfigurationList = E81923CF28ACE09500CB3FFE /* Build configuration list for PBXNativeTarget "BackgroundPushes" */;
			buildPhases = (
				E81923B728ACE09300CB3FFE /* Sources */,
				E81923B828ACE09300CB3FFE /* Frameworks */,
				E81923B928ACE09300CB3FFE /* Resources */,
			);
			buildRules = (
			);
			dependencies = (
			);
			name = BackgroundPushes;
			productName = BackgroundPushes;
			productReference = E81923BB28ACE09300CB3FFE /* BackgroundPushes.app */;
			productType = "com.apple.product-type.application";
		};
/* End PBXNativeTarget section */

/* Begin PBXProject section */
		E81923B328ACE09300CB3FFE /* Project object */ = {
			isa = PBXProject;
			attributes = {
				BuildIndependentTargetsInParallel = 1;
				LastSwiftUpdateCheck = 1340;
				LastUpgradeCheck = 1340;
				TargetAttributes = {
					E81923BA28ACE09300CB3FFE = {
						CreatedOnToolsVersion = 13.4.1;
					};
				};
			};
			buildConfigurationList = E81923B628ACE09300CB3FFE /* Build configuration list for PBXProject "BackgroundPushes" */;
			compatibilityVersion = "Xcode 13.0";
			developmentRegion = en;
			hasScannedForEncodings = 0;
			knownRegions = (
				en,
				Base,
			);
			mainGroup = E81923B228ACE09300CB3FFE;
			productRefGroup = E81923BC28ACE09300CB3FFE /* Products */;
			projectDirPath = "";
			projectRoot = "";
			targets = (
				E81923BA28ACE09300CB3FFE /* BackgroundPushes */,
			);
		};
/* End PBXProject section */

/* Begin PBXResourcesBuildPhase section */
		E81923B928ACE09300CB3FFE /* Resources */ = {
			isa = PBXResourcesBuildPhase;
			buildActionMask = 2147483647;
			files = (
				E81923CB28ACE09500CB3FFE /* LaunchScreen.storyboard in Resources */,
				E81923C828ACE09500CB3FFE /* Assets.xcassets in Resources */,
				E81923C628ACE09300CB3FFE /* Main.storyboard in Resources */,
			);
			runOnlyForDeploymentPostprocessing = 0;
		};
/* End PBXResourcesBuildPhase section */

/* Begin PBXSourcesBuildPhase section */
		E81923B728ACE09300CB3FFE /* Sources */ = {
			isa = PBXSourcesBuildPhase;
			buildActionMask = 2147483647;
			files = (
				E81923C328ACE09300CB3FFE /* MainViewController.swift in Sources */,
				E81923BF28ACE09300CB3FFE /* AppDelegate.swift in Sources */,
				E81923C128ACE09300CB3FFE /* SceneDelegate.swift in Sources */,
				E81923D828ACE40600CB3FFE /* Logger+.swift in Sources */,
			);
			runOnlyForDeploymentPostprocessing = 0;
		};
/* End PBXSourcesBuildPhase section */

/* Begin PBXVariantGroup section */
		E81923C428ACE09300CB3FFE /* Main.storyboard */ = {
			isa = PBXVariantGroup;
			children = (
				E81923C528ACE09300CB3FFE /* Base */,
			);
			name = Main.storyboard;
			sourceTree = "<group>";
		};
		E81923C928ACE09500CB3FFE /* LaunchScreen.storyboard */ = {
			isa = PBXVariantGroup;
			children = (
				E81923CA28ACE09500CB3FFE /* Base */,
			);
			name = LaunchScreen.storyboard;
			sourceTree = "<group>";
		};
/* End PBXVariantGroup section */

/* Begin XCBuildConfiguration section */
		E81923CD28ACE09500CB3FFE /* Debug */ = {
			isa = XCBuildConfiguration;
			buildSettings = {
				ALWAYS_SEARCH_USER_PATHS = NO;
				CLANG_ANALYZER_NONNULL = YES;
				CLANG_ANALYZER_NUMBER_OBJECT_CONVERSION = YES_AGGRESSIVE;
				CLANG_CXX_LANGUAGE_STANDARD = "gnu++17";
				CLANG_ENABLE_MODULES = YES;
				CLANG_ENABLE_OBJC_ARC = YES;
				CLANG_ENABLE_OBJC_WEAK = YES;
				CLANG_WARN_BLOCK_CAPTURE_AUTORELEASING = YES;
				CLANG_WARN_BOOL_CONVERSION = YES;
				CLANG_WARN_COMMA = YES;
				CLANG_WARN_CONSTANT_CONVERSION = YES;
				CLANG_WARN_DEPRECATED_OBJC_IMPLEMENTATIONS = YES;
				CLANG_WARN_DIRECT_OBJC_ISA_USAGE = YES_ERROR;
				CLANG_WARN_DOCUMENTATION_COMMENTS = YES;
				CLANG_WARN_EMPTY_BODY = YES;
				CLANG_WARN_ENUM_CONVERSION = YES;
				CLANG_WARN_INFINITE_RECURSION = YES;
				CLANG_WARN_INT_CONVERSION = YES;
				CLANG_WARN_NON_LITERAL_NULL_CONVERSION = YES;
				CLANG_WARN_OBJC_IMPLICIT_RETAIN_SELF = YES;
				CLANG_WARN_OBJC_LITERAL_CONVERSION = YES;
				CLANG_WARN_OBJC_ROOT_CLASS = YES_ERROR;
				CLANG_WARN_QUOTED_INCLUDE_IN_FRAMEWORK_HEADER = YES;
				CLANG_WARN_RANGE_LOOP_ANALYSIS = YES;
				CLANG_WARN_STRICT_PROTOTYPES = YES;
				CLANG_WARN_SUSPICIOUS_MOVE = YES;
				CLANG_WARN_UNGUARDED_AVAILABILITY = YES_AGGRESSIVE;
				CLANG_WARN_UNREACHABLE_CODE = YES;
				CLANG_WARN__DUPLICATE_METHOD_MATCH = YES;
				COPY_PHASE_STRIP = NO;
				DEBUG_INFORMATION_FORMAT = dwarf;
				ENABLE_STRICT_OBJC_MSGSEND = YES;
				ENABLE_TESTABILITY = YES;
				GCC_C_LANGUAGE_STANDARD = gnu11;
				GCC_DYNAMIC_NO_PIC = NO;
				GCC_NO_COMMON_BLOCKS = YES;
				GCC_OPTIMIZATION_LEVEL = 0;
				GCC_PREPROCESSOR_DEFINITIONS = (
					"DEBUG=1",
					"$(inherited)",
				);
				GCC_WARN_64_TO_32_BIT_CONVERSION = YES;
				GCC_WARN_ABOUT_RETURN_TYPE = YES_ERROR;
				GCC_WARN_UNDECLARED_SELECTOR = YES;
				GCC_WARN_UNINITIALIZED_AUTOS = YES_AGGRESSIVE;
				GCC_WARN_UNUSED_FUNCTION = YES;
				GCC_WARN_UNUSED_VARIABLE = YES;
				IPHONEOS_DEPLOYMENT_TARGET = 15.0;
				MTL_ENABLE_DEBUG_INFO = INCLUDE_SOURCE;
				MTL_FAST_MATH = YES;
				ONLY_ACTIVE_ARCH = YES;
				SDKROOT = iphoneos;
				SWIFT_ACTIVE_COMPILATION_CONDITIONS = DEBUG;
				SWIFT_OPTIMIZATION_LEVEL = "-Onone";
			};
			name = Debug;
		};
		E81923CE28ACE09500CB3FFE /* Release */ = {
			isa = XCBuildConfiguration;
			buildSettings = {
				ALWAYS_SEARCH_USER_PATHS = NO;
				CLANG_ANALYZER_NONNULL = YES;
				CLANG_ANALYZER_NUMBER_OBJECT_CONVERSION = YES_AGGRESSIVE;
				CLANG_CXX_LANGUAGE_STANDARD = "gnu++17";
				CLANG_ENABLE_MODULES = YES;
				CLANG_ENABLE_OBJC_ARC = YES;
				CLANG_ENABLE_OBJC_WEAK = YES;
				CLANG_WARN_BLOCK_CAPTURE_AUTORELEASING = YES;
				CLANG_WARN_BOOL_CONVERSION = YES;
				CLANG_WARN_COMMA = YES;
				CLANG_WARN_CONSTANT_CONVERSION = YES;
				CLANG_WARN_DEPRECATED_OBJC_IMPLEMENTATIONS = YES;
				CLANG_WARN_DIRECT_OBJC_ISA_USAGE = YES_ERROR;
				CLANG_WARN_DOCUMENTATION_COMMENTS = YES;
				CLANG_WARN_EMPTY_BODY = YES;
				CLANG_WARN_ENUM_CONVERSION = YES;
				CLANG_WARN_INFINITE_RECURSION = YES;
				CLANG_WARN_INT_CONVERSION = YES;
				CLANG_WARN_NON_LITERAL_NULL_CONVERSION = YES;
				CLANG_WARN_OBJC_IMPLICIT_RETAIN_SELF = YES;
				CLANG_WARN_OBJC_LITERAL_CONVERSION = YES;
				CLANG_WARN_OBJC_ROOT_CLASS = YES_ERROR;
				CLANG_WARN_QUOTED_INCLUDE_IN_FRAMEWORK_HEADER = YES;
				CLANG_WARN_RANGE_LOOP_ANALYSIS = YES;
				CLANG_WARN_STRICT_PROTOTYPES = YES;
				CLANG_WARN_SUSPICIOUS_MOVE = YES;
				CLANG_WARN_UNGUARDED_AVAILABILITY = YES_AGGRESSIVE;
				CLANG_WARN_UNREACHABLE_CODE = YES;
				CLANG_WARN__DUPLICATE_METHOD_MATCH = YES;
				COPY_PHASE_STRIP = NO;
				DEBUG_INFORMATION_FORMAT = "dwarf-with-dsym";
				ENABLE_NS_ASSERTIONS = NO;
				ENABLE_STRICT_OBJC_MSGSEND = YES;
				GCC_C_LANGUAGE_STANDARD = gnu11;
				GCC_NO_COMMON_BLOCKS = YES;
				GCC_WARN_64_TO_32_BIT_CONVERSION = YES;
				GCC_WARN_ABOUT_RETURN_TYPE = YES_ERROR;
				GCC_WARN_UNDECLARED_SELECTOR = YES;
				GCC_WARN_UNINITIALIZED_AUTOS = YES_AGGRESSIVE;
				GCC_WARN_UNUSED_FUNCTION = YES;
				GCC_WARN_UNUSED_VARIABLE = YES;
				IPHONEOS_DEPLOYMENT_TARGET = 15.0;
				MTL_ENABLE_DEBUG_INFO = NO;
				MTL_FAST_MATH = YES;
				SDKROOT = iphoneos;
				SWIFT_COMPILATION_MODE = wholemodule;
				SWIFT_OPTIMIZATION_LEVEL = "-O";
				VALIDATE_PRODUCT = YES;
			};
			name = Release;
		};
		E81923D028ACE09500CB3FFE /* Debug */ = {
			isa = XCBuildConfiguration;
			buildSettings = {
				ASSETCATALOG_COMPILER_APPICON_NAME = AppIcon;
				ASSETCATALOG_COMPILER_GLOBAL_ACCENT_COLOR_NAME = AccentColor;
				CODE_SIGN_STYLE = Automatic;
				CURRENT_PROJECT_VERSION = 1;
				DEVELOPMENT_TEAM = 2AVC8X7323;
				GENERATE_INFOPLIST_FILE = YES;
				INFOPLIST_FILE = BackgroundPushes/Resources/Info.plist;
				INFOPLIST_KEY_UIApplicationSupportsIndirectInputEvents = YES;
				INFOPLIST_KEY_UILaunchStoryboardName = LaunchScreen;
				INFOPLIST_KEY_UIMainStoryboardFile = Main;
				INFOPLIST_KEY_UISupportedInterfaceOrientations = UIInterfaceOrientationPortrait;
				INFOPLIST_KEY_UISupportedInterfaceOrientations_iPad = "UIInterfaceOrientationPortrait UIInterfaceOrientationPortraitUpsideDown UIInterfaceOrientationLandscapeLeft UIInterfaceOrientationLandscapeRight";
				INFOPLIST_KEY_UISupportedInterfaceOrientations_iPhone = "UIInterfaceOrientationPortrait UIInterfaceOrientationLandscapeLeft UIInterfaceOrientationLandscapeRight";
				LD_RUNPATH_SEARCH_PATHS = (
					"$(inherited)",
					"@executable_path/Frameworks",
				);
				MARKETING_VERSION = 1.0;
				PRODUCT_BUNDLE_IDENTIFIER = woin2ee.BackgroundPushes;
				PRODUCT_NAME = "$(TARGET_NAME)";
				SWIFT_EMIT_LOC_STRINGS = YES;
				SWIFT_VERSION = 5.0;
				TARGETED_DEVICE_FAMILY = 1;
			};
			name = Debug;
		};
		E81923D128ACE09500CB3FFE /* Release */ = {
			isa = XCBuildConfiguration;
			buildSettings = {
				ASSETCATALOG_COMPILER_APPICON_NAME = AppIcon;
				ASSETCATALOG_COMPILER_GLOBAL_ACCENT_COLOR_NAME = AccentColor;
				CODE_SIGN_STYLE = Automatic;
				CURRENT_PROJECT_VERSION = 1;
				DEVELOPMENT_TEAM = 2AVC8X7323;
				GENERATE_INFOPLIST_FILE = YES;
				INFOPLIST_FILE = BackgroundPushes/Resources/Info.plist;
				INFOPLIST_KEY_UIApplicationSupportsIndirectInputEvents = YES;
				INFOPLIST_KEY_UILaunchStoryboardName = LaunchScreen;
				INFOPLIST_KEY_UIMainStoryboardFile = Main;
				INFOPLIST_KEY_UISupportedInterfaceOrientations = UIInterfaceOrientationPortrait;
				INFOPLIST_KEY_UISupportedInterfaceOrientations_iPad = "UIInterfaceOrientationPortrait UIInterfaceOrientationPortraitUpsideDown UIInterfaceOrientationLandscapeLeft UIInterfaceOrientationLandscapeRight";
				INFOPLIST_KEY_UISupportedInterfaceOrientations_iPhone = "UIInterfaceOrientationPortrait UIInterfaceOrientationLandscapeLeft UIInterfaceOrientationLandscapeRight";
				LD_RUNPATH_SEARCH_PATHS = (
					"$(inherited)",
					"@executable_path/Frameworks",
				);
				MARKETING_VERSION = 1.0;
				PRODUCT_BUNDLE_IDENTIFIER = woin2ee.BackgroundPushes;
				PRODUCT_NAME = "$(TARGET_NAME)";
				SWIFT_EMIT_LOC_STRINGS = YES;
				SWIFT_VERSION = 5.0;
				TARGETED_DEVICE_FAMILY = 1;
			};
			name = Release;
		};
/* End XCBuildConfiguration section */

/* Begin XCConfigurationList section */
		E81923B628ACE09300CB3FFE /* Build configuration list for PBXProject "BackgroundPushes" */ = {
			isa = XCConfigurationList;
			buildConfigurations = (
				E81923CD28ACE09500CB3FFE /* Debug */,
				E81923CE28ACE09500CB3FFE /* Release */,
			);
			defaultConfigurationIsVisible = 0;
			defaultConfigurationName = Release;
		};
		E81923CF28ACE09500CB3FFE /* Build configuration list for PBXNativeTarget "BackgroundPushes" */ = {
			isa = XCConfigurationList;
			buildConfigurations = (
				E81923D028ACE09500CB3FFE /* Debug */,
				E81923D128ACE09500CB3FFE /* Release */,
			);
			defaultConfigurationIsVisible = 0;
			defaultConfigurationName = Release;
		};
/* End XCConfigurationList section */
	};
	rootObject = E81923B328ACE09300CB3FFE /* Project object */;
}
